
Microsoft Visual Studio Solution File, Format Version 12.00
# Visual Studio Version 17
VisualStudioVersion = 17.8.34309.116
MinimumVisualStudioVersion = 10.0.40219.1
Project("{FAE04EC0-301F-11D3-BF4B-00C04F79EFBC}") = "SSLReport", "SSLReport.csproj", "{7BFAF6EA-4B78-4E8C-B860-2FC327F6D177}"
EndProject
Global
	GlobalSection(SolutionConfigurationPlatforms) = preSolution
		Debug|Any CPU = Debug|Any CPU
		Release|Any CPU = Release|Any CPU
	EndGlobalSection
	GlobalSection(ProjectConfigurationPlatforms) = postSolution
		{7BFAF6EA-4B78-4E8C-B860-2FC327F6D177}.Debug|Any CPU.ActiveCfg = Debug|Any CPU
		{7BFAF6EA-4B78-4E8C-B860-2FC327F6D177}.Debug|Any CPU.Build.0 = Debug|Any CPU
		{7BFAF6EA-4B78-4E8C-B860-2FC327F6D177}.Release|Any CPU.ActiveCfg = Release|Any CPU
		{7BFAF6EA-4B78-4E8C-B860-2FC327F6D177}.Release|Any CPU.Build.0 = Release|Any CPU
	EndGlobalSection
	GlobalSection(SolutionProperties) = preSolution
		HideSolutionNode = FALSE
	EndGlobalSection
	GlobalSection(ExtensibilityGlobals) = postSolution
		SolutionGuid = {39472051-D4E9-40AB-83E2-86F4B2927FC7}
	EndGlobalSection
EndGlobal
